{
  "name": "reactflow-practice",
  "lockfileVersion": 3,
  "requires": true,
  "packages": {
    "": {
      "dependencies": {
        "@dbml/core": "^3.9.2"
      }
    },
    "node_modules/@dbml/core": {
      "version": "3.9.2",
      "resolved": "https://registry.npmjs.org/@dbml/core/-/core-3.9.2.tgz",
      "integrity": "sha512-NLtRluj7diMD4gq4/9711UYzX+hTaEd+CQxuBJQf5r2XgDUw++74d//fRkvZdgAjhxCTxq4UIEx/mJOTPr7hFQ==",
      "license": "Apache-2.0",
      "dependencies": {
        "@dbml/parse": "^3.9.2",
        "antlr4": "^4.13.1",
        "lodash": "^4.17.15",
        "parsimmon": "^1.13.0",
        "pluralize": "^8.0.0"
      },
      "engines": {
        "node": ">=16"
      }
    },
    "node_modules/@dbml/parse": {
      "version": "3.9.2",
      "resolved": "https://registry.npmjs.org/@dbml/parse/-/parse-3.9.2.tgz",
      "integrity": "sha512-EkwbGsCpfohbPITyo/2+E6gCDYD29JJG7+fSDU+XXVjNbHHYeImNlLyBcI1SedYpZwBT+ty+jKYjkk/EVtCKKg==",
      "license": "Apache-2.0",
      "dependencies": {
        "lodash": "^4.17.21"
      },
      "peerDependencies": {
        "lodash": "^4.17.21"
      }
    },
    "node_modules/antlr4": {
      "version": "4.13.2",
      "resolved": "https://registry.npmjs.org/antlr4/-/antlr4-4.13.2.tgz",
      "integrity": "sha512-QiVbZhyy4xAZ17UPEuG3YTOt8ZaoeOR1CvEAqrEsDBsOqINslaB147i9xqljZqoyf5S+EUlGStaj+t22LT9MOg==",
      "license": "BSD-3-Clause",
      "engines": {
        "node": ">=16"
      }
    },
    "node_modules/lodash": {
      "version": "4.17.21",
      "resolved": "https://registry.npmjs.org/lodash/-/lodash-4.17.21.tgz",
      "integrity": "sha512-v2kDEe57lecTulaDIuNTPy3Ry4gLGJ6Z1O3vE1krgXZNrsQ+LFTGHVxVjcXPs17LhbZVGedAJv8XZ1tvj5FvSg==",
      "license": "MIT"
    },
    "node_modules/parsimmon": {
      "version": "1.18.1",
      "resolved": "https://registry.npmjs.org/parsimmon/-/parsimmon-1.18.1.tgz",
      "integrity": "sha512-u7p959wLfGAhJpSDJVYXoyMCXWYwHia78HhRBWqk7AIbxdmlrfdp5wX0l3xv/iTSH5HvhN9K7o26hwwpgS5Nmw==",
      "license": "MIT"
    },
    "node_modules/pluralize": {
      "version": "8.0.0",
      "resolved": "https://registry.npmjs.org/pluralize/-/pluralize-8.0.0.tgz",
      "integrity": "sha512-Nc3IT5yHzflTfbjgqWcCPpo7DaKy4FnpB0l/zCAW0Tc7jxAiuqSxHasntB3D7887LSrA93kDJ9IXovxJYxyLCA==",
      "license": "MIT",
      "engines": {
        "node": ">=4"
      }
    }
  }
}
